
Microsoft Visual Studio Solution File, Format Version 12.00
# Visual Studio Version 16
VisualStudioVersion = 16.0.30717.126
MinimumVisualStudioVersion = 10.0.40219.1
Project("{FAE04EC0-301F-11D3-BF4B-00C04F79EFBC}") = "TestCosoluceWPF", "TestCosoluceWPF\TestCosoluceWPF.csproj", "{2EE1329C-7BA8-44BE-89D0-93F1167BE50F}"
EndProject
Project("{FAE04EC0-301F-11D3-BF4B-00C04F79EFBC}") = "ClassLibraryTestCosoluce", "ClassLibraryTestCosoluce\ClassLibraryTestCosoluce.csproj", "{159590CF-3718-4E17-A64C-6224FF3D03B2}"
EndProject
Project("{FAE04EC0-301F-11D3-BF4B-00C04F79EFBC}") = "UnitTestCosoluceTest", "UnitTestCosoluceTest\UnitTestCosoluceTest.csproj", "{6CDDB791-415B-4B09-B0E7-F91E04A9B1FB}"
EndProject
Global
	GlobalSection(SolutionConfigurationPlatforms) = preSolution
		Debug|Any CPU = Debug|Any CPU
		Release|Any CPU = Release|Any CPU
	EndGlobalSection
	GlobalSection(ProjectConfigurationPlatforms) = postSolution
		{2EE1329C-7BA8-44BE-89D0-93F1167BE50F}.Debug|Any CPU.ActiveCfg = Debug|Any CPU
		{2EE1329C-7BA8-44BE-89D0-93F1167BE50F}.Debug|Any CPU.Build.0 = Debug|Any CPU
		{2EE1329C-7BA8-44BE-89D0-93F1167BE50F}.Release|Any CPU.ActiveCfg = Release|Any CPU
		{2EE1329C-7BA8-44BE-89D0-93F1167BE50F}.Release|Any CPU.Build.0 = Release|Any CPU
		{159590CF-3718-4E17-A64C-6224FF3D03B2}.Debug|Any CPU.ActiveCfg = Debug|Any CPU
		{159590CF-3718-4E17-A64C-6224FF3D03B2}.Debug|Any CPU.Build.0 = Debug|Any CPU
		{159590CF-3718-4E17-A64C-6224FF3D03B2}.Release|Any CPU.ActiveCfg = Release|Any CPU
		{159590CF-3718-4E17-A64C-6224FF3D03B2}.Release|Any CPU.Build.0 = Release|Any CPU
		{6CDDB791-415B-4B09-B0E7-F91E04A9B1FB}.Debug|Any CPU.ActiveCfg = Debug|Any CPU
		{6CDDB791-415B-4B09-B0E7-F91E04A9B1FB}.Debug|Any CPU.Build.0 = Debug|Any CPU
		{6CDDB791-415B-4B09-B0E7-F91E04A9B1FB}.Release|Any CPU.ActiveCfg = Release|Any CPU
		{6CDDB791-415B-4B09-B0E7-F91E04A9B1FB}.Release|Any CPU.Build.0 = Release|Any CPU
	EndGlobalSection
	GlobalSection(SolutionProperties) = preSolution
		HideSolutionNode = FALSE
	EndGlobalSection
	GlobalSection(ExtensibilityGlobals) = postSolution
		SolutionGuid = {7B672508-D093-49FE-8A57-7FFFC8615248}
	EndGlobalSection
EndGlobal
